{
  "pins" : [
    {
      "identity" : "alamofire",
      "kind" : "remoteSourceControl",
      "location" : "https://github.com/Alamofire/Alamofire",
      "state" : {
        "revision" : "f512df48300140994b1ea56a2ff024a4734cef2b",
        "version" : "5.6.3"
      }
    },
    {
      "identity" : "popupview",
      "kind" : "remoteSourceControl",
      "location" : "https://github.com/exyte/PopupView",
      "state" : {
        "revision" : "3c82a7d09ba44e1c7d8a2f7d17657de2e03d0f24",
        "version" : "1.2.1"
      }
    }
  ],
  "version" : 2
}
